
Microsoft Visual Studio Solution File, Format Version 12.00
# Visual Studio Version 17
VisualStudioVersion = 17.2.32630.192
MinimumVisualStudioVersion = 10.0.40219.1
Project("{9A19103F-16F7-4668-BE54-9A1E7A4F7556}") = "Calculator", "Calculator\Calculator.csproj", "{58913216-0484-4A36-926B-30F81E5EEF60}"
EndProject
Project("{9A19103F-16F7-4668-BE54-9A1E7A4F7556}") = "StudentAdd", "StudentAdd\StudentAdd.csproj", "{50C4AACE-20AF-4C92-BC78-EEF9286674E3}"
EndProject
Project("{9A19103F-16F7-4668-BE54-9A1E7A4F7556}") = "DockPanel", "DockPanel\DockPanel.csproj", "{267A410C-8EF9-4EA3-A7B2-1D0479FB0108}"
EndProject
Project("{9A19103F-16F7-4668-BE54-9A1E7A4F7556}") = "TicTacToe", "TicTacToe\TicTacToe.csproj", "{7713492E-E73F-4B51-B021-FA51A18C4B5E}"
EndProject
Project("{9A19103F-16F7-4668-BE54-9A1E7A4F7556}") = "Sea Battle", "Sea Battle\Sea Battle.csproj", "{637D155F-87F0-41FE-8017-DD79C5FB4A2F}"
EndProject
Project("{FAE04EC0-301F-11D3-BF4B-00C04F79EFBC}") = "Project", "Project\Project.csproj", "{B0CE027F-524F-4828-9D99-9324D3BCADBB}"
EndProject
Global
	GlobalSection(SolutionConfigurationPlatforms) = preSolution
		Debug|Any CPU = Debug|Any CPU
		Release|Any CPU = Release|Any CPU
	EndGlobalSection
	GlobalSection(ProjectConfigurationPlatforms) = postSolution
		{58913216-0484-4A36-926B-30F81E5EEF60}.Debug|Any CPU.ActiveCfg = Debug|Any CPU
		{58913216-0484-4A36-926B-30F81E5EEF60}.Debug|Any CPU.Build.0 = Debug|Any CPU
		{58913216-0484-4A36-926B-30F81E5EEF60}.Release|Any CPU.ActiveCfg = Release|Any CPU
		{58913216-0484-4A36-926B-30F81E5EEF60}.Release|Any CPU.Build.0 = Release|Any CPU
		{50C4AACE-20AF-4C92-BC78-EEF9286674E3}.Debug|Any CPU.ActiveCfg = Debug|Any CPU
		{50C4AACE-20AF-4C92-BC78-EEF9286674E3}.Debug|Any CPU.Build.0 = Debug|Any CPU
		{50C4AACE-20AF-4C92-BC78-EEF9286674E3}.Release|Any CPU.ActiveCfg = Release|Any CPU
		{50C4AACE-20AF-4C92-BC78-EEF9286674E3}.Release|Any CPU.Build.0 = Release|Any CPU
		{267A410C-8EF9-4EA3-A7B2-1D0479FB0108}.Debug|Any CPU.ActiveCfg = Debug|Any CPU
		{267A410C-8EF9-4EA3-A7B2-1D0479FB0108}.Debug|Any CPU.Build.0 = Debug|Any CPU
		{267A410C-8EF9-4EA3-A7B2-1D0479FB0108}.Release|Any CPU.ActiveCfg = Release|Any CPU
		{267A410C-8EF9-4EA3-A7B2-1D0479FB0108}.Release|Any CPU.Build.0 = Release|Any CPU
		{7713492E-E73F-4B51-B021-FA51A18C4B5E}.Debug|Any CPU.ActiveCfg = Debug|Any CPU
		{7713492E-E73F-4B51-B021-FA51A18C4B5E}.Debug|Any CPU.Build.0 = Debug|Any CPU
		{7713492E-E73F-4B51-B021-FA51A18C4B5E}.Release|Any CPU.ActiveCfg = Release|Any CPU
		{7713492E-E73F-4B51-B021-FA51A18C4B5E}.Release|Any CPU.Build.0 = Release|Any CPU
		{637D155F-87F0-41FE-8017-DD79C5FB4A2F}.Debug|Any CPU.ActiveCfg = Debug|Any CPU
		{637D155F-87F0-41FE-8017-DD79C5FB4A2F}.Debug|Any CPU.Build.0 = Debug|Any CPU
		{637D155F-87F0-41FE-8017-DD79C5FB4A2F}.Release|Any CPU.ActiveCfg = Release|Any CPU
		{637D155F-87F0-41FE-8017-DD79C5FB4A2F}.Release|Any CPU.Build.0 = Release|Any CPU
		{B0CE027F-524F-4828-9D99-9324D3BCADBB}.Debug|Any CPU.ActiveCfg = Debug|Any CPU
		{B0CE027F-524F-4828-9D99-9324D3BCADBB}.Debug|Any CPU.Build.0 = Debug|Any CPU
		{B0CE027F-524F-4828-9D99-9324D3BCADBB}.Release|Any CPU.ActiveCfg = Release|Any CPU
		{B0CE027F-524F-4828-9D99-9324D3BCADBB}.Release|Any CPU.Build.0 = Release|Any CPU
	EndGlobalSection
	GlobalSection(SolutionProperties) = preSolution
		HideSolutionNode = FALSE
	EndGlobalSection
	GlobalSection(ExtensibilityGlobals) = postSolution
		SolutionGuid = {29352CB2-DB6E-4648-923C-92262174BA1C}
	EndGlobalSection
EndGlobal
